// !$*UTF8*$!
{
	archiveVersion = 1;
	classes = {
	};
	objectVersion = 46;
	objects = {

/* Begin PBXBuildFile section */
		9891522C1B40248600F37D11 /* AppDelegate.swift in Sources */ = {isa = PBXBuildFile; fileRef = 9891522B1B40248600F37D11 /* AppDelegate.swift */; };
		9891522E1B40248600F37D11 /* ViewController.swift in Sources */ = {isa = PBXBuildFile; fileRef = 9891522D1B40248600F37D11 /* ViewController.swift */; };
		989152331B40248600F37D11 /* Images.xcassets in Resources */ = {isa = PBXBuildFile; fileRef = 989152321B40248600F37D11 /* Images.xcassets */; };
		989152361B40248600F37D11 /* LaunchScreen.xib in Resources */ = {isa = PBXBuildFile; fileRef = 989152341B40248600F37D11 /* LaunchScreen.xib */; };
		989152421B40248600F37D11 /* DuffSnakeTests.swift in Sources */ = {isa = PBXBuildFile; fileRef = 989152411B40248600F37D11 /* DuffSnakeTests.swift */; };
		9891524C1B402B1300F37D11 /* Main.storyboard in Resources */ = {isa = PBXBuildFile; fileRef = 9891524B1B402B1300F37D11 /* Main.storyboard */; };
/* End PBXBuildFile section */

/* Begin PBXContainerItemProxy section */
		9891523C1B40248600F37D11 /* PBXContainerItemProxy */ = {
			isa = PBXContainerItemProxy;
			containerPortal = 9891521E1B40248600F37D11 /* Project object */;
			proxyType = 1;
			remoteGlobalIDString = 989152251B40248600F37D11;
			remoteInfo = DuffSnake;
		};
/* End PBXContainerItemProxy section */

/* Begin PBXFileReference section */
		989152261B40248600F37D11 /* DuffSnake.app */ = {isa = PBXFileReference; explicitFileType = wrapper.application; includeInIndex = 0; path = DuffSnake.app; sourceTree = BUILT_PRODUCTS_DIR; };
		9891522A1B40248600F37D11 /* Info.plist */ = {isa = PBXFileReference; lastKnownFileType = text.plist.xml; path = Info.plist; sourceTree = "<group>"; };
		9891522B1B40248600F37D11 /* AppDelegate.swift */ = {isa = PBXFileReference; lastKnownFileType = sourcecode.swift; path = AppDelegate.swift; sourceTree = "<group>"; };
		9891522D1B40248600F37D11 /* ViewController.swift */ = {isa = PBXFileReference; lastKnownFileType = sourcecode.swift; path = ViewController.swift; sourceTree = "<group>"; };
		989152321B40248600F37D11 /* Images.xcassets */ = {isa = PBXFileReference; lastKnownFileType = folder.assetcatalog; path = Images.xcassets; sourceTree = "<group>"; };
		989152351B40248600F37D11 /* Base */ = {isa = PBXFileReference; lastKnownFileType = file.xib; name = Base; path = Base.lproj/LaunchScreen.xib; sourceTree = "<group>"; };
		9891523B1B40248600F37D11 /* DuffSnakeTests.xctest */ = {isa = PBXFileReference; explicitFileType = wrapper.cfbundle; includeInIndex = 0; path = DuffSnakeTests.xctest; sourceTree = BUILT_PRODUCTS_DIR; };
		989152401B40248600F37D11 /* Info.plist */ = {isa = PBXFileReference; lastKnownFileType = text.plist.xml; path = Info.plist; sourceTree = "<group>"; };
		989152411B40248600F37D11 /* DuffSnakeTests.swift */ = {isa = PBXFileReference; lastKnownFileType = sourcecode.swift; path = DuffSnakeTests.swift; sourceTree = "<group>"; };
		9891524B1B402B1300F37D11 /* Main.storyboard */ = {isa = PBXFileReference; fileEncoding = 4; lastKnownFileType = file.storyboard; path = Main.storyboard; sourceTree = "<group>"; };
/* End PBXFileReference section */

/* Begin PBXFrameworksBuildPhase section */
		989152231B40248600F37D11 /* Frameworks */ = {
			isa = PBXFrameworksBuildPhase;
			buildActionMask = 2147483647;
			files = (
			);
			runOnlyForDeploymentPostprocessing = 0;
		};
		989152381B40248600F37D11 /* Frameworks */ = {
			isa = PBXFrameworksBuildPhase;
			buildActionMask = 2147483647;
			files = (
			);
			runOnlyForDeploymentPostprocessing = 0;
		};
/* End PBXFrameworksBuildPhase section */

/* Begin PBXGroup section */
		9891521D1B40248600F37D11 = {
			isa = PBXGroup;
			children = (
				989152281B40248600F37D11 /* DuffSnake */,
				9891523E1B40248600F37D11 /* DuffSnakeTests */,
				989152271B40248600F37D11 /* Products */,
			);
			sourceTree = "<group>";
		};
		989152271B40248600F37D11 /* Products */ = {
			isa = PBXGroup;
			children = (
				989152261B40248600F37D11 /* DuffSnake.app */,
				9891523B1B40248600F37D11 /* DuffSnakeTests.xctest */,
			);
			name = Products;
			sourceTree = "<group>";
		};
		989152281B40248600F37D11 /* DuffSnake */ = {
			isa = PBXGroup;
			children = (
				9891524B1B402B1300F37D11 /* Main.storyboard */,
				9891522B1B40248600F37D11 /* AppDelegate.swift */,
				9891522D1B40248600F37D11 /* ViewController.swift */,
				989152321B40248600F37D11 /* Images.xcassets */,
				989152341B40248600F37D11 /* LaunchScreen.xib */,
				989152291B40248600F37D11 /* Supporting Files */,
			);
			path = DuffSnake;
			sourceTree = "<group>";
		};
		989152291B40248600F37D11 /* Supporting Files */ = {
			isa = PBXGroup;
			children = (
				9891522A1B40248600F37D11 /* Info.plist */,
			);
			name = "Supporting Files";
			sourceTree = "<group>";
		};
		9891523E1B40248600F37D11 /* DuffSnakeTests */ = {
			isa = PBXGroup;
			children = (
				989152411B40248600F37D11 /* DuffSnakeTests.swift */,
				9891523F1B40248600F37D11 /* Supporting Files */,
			);
			path = DuffSnakeTests;
			sourceTree = "<group>";
		};
		9891523F1B40248600F37D11 /* Supporting Files */ = {
			isa = PBXGroup;
			children = (
				989152401B40248600F37D11 /* Info.plist */,
			);
			name = "Supporting Files";
			sourceTree = "<group>";
		};
/* End PBXGroup section */

/* Begin PBXNativeTarget section */
		989152251B40248600F37D11 /* DuffSnake */ = {
			isa = PBXNativeTarget;
			buildConfigurationList = 989152451B40248600F37D11 /* Build configuration list for PBXNativeTarget "DuffSnake" */;
			buildPhases = (
				989152221B40248600F37D11 /* Sources */,
				989152231B40248600F37D11 /* Frameworks */,
				989152241B40248600F37D11 /* Resources */,
			);
			buildRules = (
			);
			dependencies = (
			);
			name = DuffSnake;
			productName = DuffSnake;
			productReference = 989152261B40248600F37D11 /* DuffSnake.app */;
			productType = "com.apple.product-type.application";
		};
		9891523A1B40248600F37D11 /* DuffSnakeTests */ = {
			isa = PBXNativeTarget;
			buildConfigurationList = 989152481B40248600F37D11 /* Build configuration list for PBXNativeTarget "DuffSnakeTests" */;
			buildPhases = (
				989152371B40248600F37D11 /* Sources */,
				989152381B40248600F37D11 /* Frameworks */,
				989152391B40248600F37D11 /* Resources */,
			);
			buildRules = (
			);
			dependencies = (
				9891523D1B40248600F37D11 /* PBXTargetDependency */,
			);
			name = DuffSnakeTests;
			productName = DuffSnakeTests;
			productReference = 9891523B1B40248600F37D11 /* DuffSnakeTests.xctest */;
			productType = "com.apple.product-type.bundle.unit-test";
		};
/* End PBXNativeTarget section */

/* Begin PBXProject section */
		9891521E1B40248600F37D11 /* Project object */ = {
			isa = PBXProject;
			attributes = {
				LastUpgradeCheck = 0630;
				ORGANIZATIONNAME = "Duff Development";
				TargetAttributes = {
					989152251B40248600F37D11 = {
						CreatedOnToolsVersion = 6.3.2;
					};
					9891523A1B40248600F37D11 = {
						CreatedOnToolsVersion = 6.3.2;
						TestTargetID = 989152251B40248600F37D11;
					};
				};
			};
			buildConfigurationList = 989152211B40248600F37D11 /* Build configuration list for PBXProject "DuffSnake" */;
			compatibilityVersion = "Xcode 3.2";
			developmentRegion = English;
			hasScannedForEncodings = 0;
			knownRegions = (
				en,
				Base,
			);
			mainGroup = 9891521D1B40248600F37D11;
			productRefGroup = 989152271B40248600F37D11 /* Products */;
			projectDirPath = "";
			projectRoot = "";
			targets = (
				989152251B40248600F37D11 /* DuffSnake */,
				9891523A1B40248600F37D11 /* DuffSnakeTests */,
			);
		};
/* End PBXProject section */

/* Begin PBXResourcesBuildPhase section */
		989152241B40248600F37D11 /* Resources */ = {
			isa = PBXResourcesBuildPhase;
			buildActionMask = 2147483647;
			files = (
				9891524C1B402B1300F37D11 /* Main.storyboard in Resources */,
				989152361B40248600F37D11 /* LaunchScreen.xib in Resources */,
				989152331B40248600F37D11 /* Images.xcassets in Resources */,
			);
			runOnlyForDeploymentPostprocessing = 0;
		};
		989152391B40248600F37D11 /* Resources */ = {
			isa = PBXResourcesBuildPhase;
			buildActionMask = 2147483647;
			files = (
			);
			runOnlyForDeploymentPostprocessing = 0;
		};
/* End PBXResourcesBuildPhase section */

/* Begin PBXSourcesBuildPhase section */
		989152221B40248600F37D11 /* Sources */ = {
			isa = PBXSourcesBuildPhase;
			buildActionMask = 2147483647;
			files = (
				9891522E1B40248600F37D11 /* ViewController.swift in Sources */,
				9891522C1B40248600F37D11 /* AppDelegate.swift in Sources */,
			);
			runOnlyForDeploymentPostprocessing = 0;
		};
		989152371B40248600F37D11 /* Sources */ = {
			isa = PBXSourcesBuildPhase;
			buildActionMask = 2147483647;
			files = (
				989152421B40248600F37D11 /* DuffSnakeTests.swift in Sources */,
			);
			runOnlyForDeploymentPostprocessing = 0;
		};
/* End PBXSourcesBuildPhase section */

/* Begin PBXTargetDependency section */
		9891523D1B40248600F37D11 /* PBXTargetDependency */ = {
			isa = PBXTargetDependency;
			target = 989152251B40248600F37D11 /* DuffSnake */;
			targetProxy = 9891523C1B40248600F37D11 /* PBXContainerItemProxy */;
		};
/* End PBXTargetDependency section */

/* Begin PBXVariantGroup section */
		989152341B40248600F37D11 /* LaunchScreen.xib */ = {
			isa = PBXVariantGroup;
			children = (
				989152351B40248600F37D11 /* Base */,
			);
			name = LaunchScreen.xib;
			sourceTree = "<group>";
		};
/* End PBXVariantGroup section */

/* Begin XCBuildConfiguration section */
		989152431B40248600F37D11 /* Debug */ = {
			isa = XCBuildConfiguration;
			buildSettings = {
				ALWAYS_SEARCH_USER_PATHS = NO;
				CLANG_CXX_LANGUAGE_STANDARD = "gnu++0x";
				CLANG_CXX_LIBRARY = "libc++";
				CLANG_ENABLE_MODULES = YES;
				CLANG_ENABLE_OBJC_ARC = YES;
				CLANG_WARN_BOOL_CONVERSION = YES;
				CLANG_WARN_CONSTANT_CONVERSION = YES;
				CLANG_WARN_DIRECT_OBJC_ISA_USAGE = YES_ERROR;
				CLANG_WARN_EMPTY_BODY = YES;
				CLANG_WARN_ENUM_CONVERSION = YES;
				CLANG_WARN_INT_CONVERSION = YES;
				CLANG_WARN_OBJC_ROOT_CLASS = YES_ERROR;
				CLANG_WARN_UNREACHABLE_CODE = YES;
				CLANG_WARN__DUPLICATE_METHOD_MATCH = YES;
				"CODE_SIGN_IDENTITY[sdk=iphoneos*]" = "iPhone Developer";
				COPY_PHASE_STRIP = NO;
				DEBUG_INFORMATION_FORMAT = "dwarf-with-dsym";
				ENABLE_STRICT_OBJC_MSGSEND = YES;
				GCC_C_LANGUAGE_STANDARD = gnu99;
				GCC_DYNAMIC_NO_PIC = NO;
				GCC_NO_COMMON_BLOCKS = YES;
				GCC_OPTIMIZATION_LEVEL = 0;
				GCC_PREPROCESSOR_DEFINITIONS = (
					"DEBUG=1",
					"$(inherited)",
				);
				GCC_SYMBOLS_PRIVATE_EXTERN = NO;
				GCC_WARN_64_TO_32_BIT_CONVERSION = YES;
				GCC_WARN_ABOUT_RETURN_TYPE = YES_ERROR;
				GCC_WARN_UNDECLARED_SELECTOR = YES;
				GCC_WARN_UNINITIALIZED_AUTOS = YES_AGGRESSIVE;
				GCC_WARN_UNUSED_FUNCTION = YES;
				GCC_WARN_UNUSED_VARIABLE = YES;
				IPHONEOS_DEPLOYMENT_TARGET = 8.3;
				MTL_ENABLE_DEBUG_INFO = YES;
				ONLY_ACTIVE_ARCH = YES;
				SDKROOT = iphoneos;
				SWIFT_OPTIMIZATION_LEVEL = "-Onone";
				TARGETED_DEVICE_FAMILY = "1,2";
			};
			name = Debug;
		};
		989152441B40248600F37D11 /* Release */ = {
			isa = XCBuildConfiguration;
			buildSettings = {
				ALWAYS_SEARCH_USER_PATHS = NO;
				CLANG_CXX_LANGUAGE_STANDARD = "gnu++0x";
				CLANG_CXX_LIBRARY = "libc++";
				CLANG_ENABLE_MODULES = YES;
				CLANG_ENABLE_OBJC_ARC = YES;
				CLANG_WARN_BOOL_CONVERSION = YES;
				CLANG_WARN_CONSTANT_CONVERSION = YES;
				CLANG_WARN_DIRECT_OBJC_ISA_USAGE = YES_ERROR;
				CLANG_WARN_EMPTY_BODY = YES;
				CLANG_WARN_ENUM_CONVERSION = YES;
				CLANG_WARN_INT_CONVERSION = YES;
				CLANG_WARN_OBJC_ROOT_CLASS = YES_ERROR;
				CLANG_WARN_UNREACHABLE_CODE = YES;
				CLANG_WARN__DUPLICATE_METHOD_MATCH = YES;
				"CODE_SIGN_IDENTITY[sdk=iphoneos*]" = "iPhone Developer";
				COPY_PHASE_STRIP = NO;
				DEBUG_INFORMATION_FORMAT = "dwarf-with-dsym";
				ENABLE_NS_ASSERTIONS = NO;
				ENABLE_STRICT_OBJC_MSGSEND = YES;
				GCC_C_LANGUAGE_STANDARD = gnu99;
				GCC_NO_COMMON_BLOCKS = YES;
				GCC_WARN_64_TO_32_BIT_CONVERSION = YES;
				GCC_WARN_ABOUT_RETURN_TYPE = YES_ERROR;
				GCC_WARN_UNDECLARED_SELECTOR = YES;
				GCC_WARN_UNINITIALIZED_AUTOS = YES_AGGRESSIVE;
				GCC_WARN_UNUSED_FUNCTION = YES;
				GCC_WARN_UNUSED_VARIABLE = YES;
				IPHONEOS_DEPLOYMENT_TARGET = 8.3;
				MTL_ENABLE_DEBUG_INFO = NO;
				SDKROOT = iphoneos;
				TARGETED_DEVICE_FAMILY = "1,2";
				VALIDATE_PRODUCT = YES;
			};
			name = Release;
		};
		989152461B40248600F37D11 /* Debug */ = {
			isa = XCBuildConfiguration;
			buildSettings = {
				ASSETCATALOG_COMPILER_APPICON_NAME = AppIcon;
				INFOPLIST_FILE = DuffSnake/Info.plist;
				LD_RUNPATH_SEARCH_PATHS = "$(inherited) @executable_path/Frameworks";
				PRODUCT_NAME = "$(TARGET_NAME)";
			};
			name = Debug;
		};
		989152471B40248600F37D11 /* Release */ = {
			isa = XCBuildConfiguration;
			buildSettings = {
				ASSETCATALOG_COMPILER_APPICON_NAME = AppIcon;
				INFOPLIST_FILE = DuffSnake/Info.plist;
				LD_RUNPATH_SEARCH_PATHS = "$(inherited) @executable_path/Frameworks";
				PRODUCT_NAME = "$(TARGET_NAME)";
			};
			name = Release;
		};
		989152491B40248600F37D11 /* Debug */ = {
			isa = XCBuildConfiguration;
			buildSettings = {
				BUNDLE_LOADER = "$(TEST_HOST)";
				FRAMEWORK_SEARCH_PATHS = (
					"$(SDKROOT)/Developer/Library/Frameworks",
					"$(inherited)",
				);
				GCC_PREPROCESSOR_DEFINITIONS = (
					"DEBUG=1",
					"$(inherited)",
				);
				INFOPLIST_FILE = DuffSnakeTests/Info.plist;
				LD_RUNPATH_SEARCH_PATHS = "$(inherited) @executable_path/Frameworks @loader_path/Frameworks";
				PRODUCT_NAME = "$(TARGET_NAME)";
				TEST_HOST = "$(BUILT_PRODUCTS_DIR)/DuffSnake.app/DuffSnake";
			};
			name = Debug;
		};
		9891524A1B40248600F37D11 /* Release */ = {
			isa = XCBuildConfiguration;
			buildSettings = {
				BUNDLE_LOADER = "$(TEST_HOST)";
				FRAMEWORK_SEARCH_PATHS = (
					"$(SDKROOT)/Developer/Library/Frameworks",
					"$(inherited)",
				);
				INFOPLIST_FILE = DuffSnakeTests/Info.plist;
				LD_RUNPATH_SEARCH_PATHS = "$(inherited) @executable_path/Frameworks @loader_path/Frameworks";
				PRODUCT_NAME = "$(TARGET_NAME)";
				TEST_HOST = "$(BUILT_PRODUCTS_DIR)/DuffSnake.app/DuffSnake";
			};
			name = Release;
		};
/* End XCBuildConfiguration section */

/* Begin XCConfigurationList section */
		989152211B40248600F37D11 /* Build configuration list for PBXProject "DuffSnake" */ = {
			isa = XCConfigurationList;
			buildConfigurations = (
				989152431B40248600F37D11 /* Debug */,
				989152441B40248600F37D11 /* Release */,
			);
			defaultConfigurationIsVisible = 0;
			defaultConfigurationName = Release;
		};
		989152451B40248600F37D11 /* Build configuration list for PBXNativeTarget "DuffSnake" */ = {
			isa = XCConfigurationList;
			buildConfigurations = (
				989152461B40248600F37D11 /* Debug */,
				989152471B40248600F37D11 /* Release */,
			);
			defaultConfigurationIsVisible = 0;
		};
		989152481B40248600F37D11 /* Build configuration list for PBXNativeTarget "DuffSnakeTests" */ = {
			isa = XCConfigurationList;
			buildConfigurations = (
				989152491B40248600F37D11 /* Debug */,
				9891524A1B40248600F37D11 /* Release */,
			);
			defaultConfigurationIsVisible = 0;
		};
/* End XCConfigurationList section */
	};
	rootObject = 9891521E1B40248600F37D11 /* Project object */;
}
